// !$*UTF8*$!
{
	archiveVersion = 1;
	classes = {
	};
	objectVersion = 53;
	objects = {

/* Begin PBXBuildFile section */
		50C1339606D606DD5FD70591 /* Pods_IMDB_demo.framework in Frameworks */ = {isa = PBXBuildFile; fileRef = D179329F996FD977784DB66A /* Pods_IMDB_demo.framework */; };
		C707425F29D433B1008A1FE3 /* ItemsListView.swift in Sources */ = {isa = PBXBuildFile; fileRef = C707425E29D433B1008A1FE3 /* ItemsListView.swift */; };
		C707426129D439E8008A1FE3 /* CommonCell.swift in Sources */ = {isa = PBXBuildFile; fileRef = C707426029D439E8008A1FE3 /* CommonCell.swift */; };
		C707426429D43A94008A1FE3 /* ConfigurableItem.swift in Sources */ = {isa = PBXBuildFile; fileRef = C707426329D43A94008A1FE3 /* ConfigurableItem.swift */; };
		C707426729D441C0008A1FE3 /* IMDBListModel.swift in Sources */ = {isa = PBXBuildFile; fileRef = C707426629D441C0008A1FE3 /* IMDBListModel.swift */; };
		C707426929D442A0008A1FE3 /* IMDBListModelBuilder.swift in Sources */ = {isa = PBXBuildFile; fileRef = C707426829D442A0008A1FE3 /* IMDBListModelBuilder.swift */; };
		C707426C29D4662B008A1FE3 /* IMDBService.swift in Sources */ = {isa = PBXBuildFile; fileRef = C707426B29D4662B008A1FE3 /* IMDBService.swift */; };
		C7657ABD29D33814007919DF /* AppDelegate.swift in Sources */ = {isa = PBXBuildFile; fileRef = C7657ABC29D33814007919DF /* AppDelegate.swift */; };
		C7657ABF29D33814007919DF /* SceneDelegate.swift in Sources */ = {isa = PBXBuildFile; fileRef = C7657ABE29D33814007919DF /* SceneDelegate.swift */; };
		C7657AC129D33814007919DF /* ViewController.swift in Sources */ = {isa = PBXBuildFile; fileRef = C7657AC029D33814007919DF /* ViewController.swift */; };
		C7657AC429D33814007919DF /* Main.storyboard in Resources */ = {isa = PBXBuildFile; fileRef = C7657AC229D33814007919DF /* Main.storyboard */; };
		C7657AC629D33816007919DF /* Assets.xcassets in Resources */ = {isa = PBXBuildFile; fileRef = C7657AC529D33816007919DF /* Assets.xcassets */; };
		C7657AC929D33816007919DF /* LaunchScreen.storyboard in Resources */ = {isa = PBXBuildFile; fileRef = C7657AC729D33816007919DF /* LaunchScreen.storyboard */; };
/* End PBXBuildFile section */

/* Begin PBXFileReference section */
		198B9264AF4F042B1F7A3C0A /* Pods-IMDB_demo.debug.xcconfig */ = {isa = PBXFileReference; includeInIndex = 1; lastKnownFileType = text.xcconfig; name = "Pods-IMDB_demo.debug.xcconfig"; path = "Target Support Files/Pods-IMDB_demo/Pods-IMDB_demo.debug.xcconfig"; sourceTree = "<group>"; };
		6F316C94EE0FF69DE0F41303 /* Pods-IMDB_demo.release.xcconfig */ = {isa = PBXFileReference; includeInIndex = 1; lastKnownFileType = text.xcconfig; name = "Pods-IMDB_demo.release.xcconfig"; path = "Target Support Files/Pods-IMDB_demo/Pods-IMDB_demo.release.xcconfig"; sourceTree = "<group>"; };
		C707425E29D433B1008A1FE3 /* ItemsListView.swift */ = {isa = PBXFileReference; lastKnownFileType = sourcecode.swift; path = ItemsListView.swift; sourceTree = "<group>"; };
		C707426029D439E8008A1FE3 /* CommonCell.swift */ = {isa = PBXFileReference; lastKnownFileType = sourcecode.swift; path = CommonCell.swift; sourceTree = "<group>"; };
		C707426329D43A94008A1FE3 /* ConfigurableItem.swift */ = {isa = PBXFileReference; lastKnownFileType = sourcecode.swift; path = ConfigurableItem.swift; sourceTree = "<group>"; };
		C707426629D441C0008A1FE3 /* IMDBListModel.swift */ = {isa = PBXFileReference; lastKnownFileType = sourcecode.swift; path = IMDBListModel.swift; sourceTree = "<group>"; };
		C707426829D442A0008A1FE3 /* IMDBListModelBuilder.swift */ = {isa = PBXFileReference; lastKnownFileType = sourcecode.swift; path = IMDBListModelBuilder.swift; sourceTree = "<group>"; };
		C707426B29D4662B008A1FE3 /* IMDBService.swift */ = {isa = PBXFileReference; lastKnownFileType = sourcecode.swift; path = IMDBService.swift; sourceTree = "<group>"; };
		C7657AB929D33814007919DF /* IMDB_demo.app */ = {isa = PBXFileReference; explicitFileType = wrapper.application; includeInIndex = 0; path = IMDB_demo.app; sourceTree = BUILT_PRODUCTS_DIR; };
		C7657ABC29D33814007919DF /* AppDelegate.swift */ = {isa = PBXFileReference; lastKnownFileType = sourcecode.swift; path = AppDelegate.swift; sourceTree = "<group>"; };
		C7657ABE29D33814007919DF /* SceneDelegate.swift */ = {isa = PBXFileReference; lastKnownFileType = sourcecode.swift; path = SceneDelegate.swift; sourceTree = "<group>"; };
		C7657AC029D33814007919DF /* ViewController.swift */ = {isa = PBXFileReference; lastKnownFileType = sourcecode.swift; path = ViewController.swift; sourceTree = "<group>"; };
		C7657AC329D33814007919DF /* Base */ = {isa = PBXFileReference; lastKnownFileType = file.storyboard; name = Base; path = Base.lproj/Main.storyboard; sourceTree = "<group>"; };
		C7657AC529D33816007919DF /* Assets.xcassets */ = {isa = PBXFileReference; lastKnownFileType = folder.assetcatalog; path = Assets.xcassets; sourceTree = "<group>"; };
		C7657AC829D33816007919DF /* Base */ = {isa = PBXFileReference; lastKnownFileType = file.storyboard; name = Base; path = Base.lproj/LaunchScreen.storyboard; sourceTree = "<group>"; };
		C7657ACA29D33816007919DF /* Info.plist */ = {isa = PBXFileReference; lastKnownFileType = text.plist.xml; path = Info.plist; sourceTree = "<group>"; };
		D179329F996FD977784DB66A /* Pods_IMDB_demo.framework */ = {isa = PBXFileReference; explicitFileType = wrapper.framework; includeInIndex = 0; path = Pods_IMDB_demo.framework; sourceTree = BUILT_PRODUCTS_DIR; };
/* End PBXFileReference section */

/* Begin PBXFrameworksBuildPhase section */
		C7657AB629D33814007919DF /* Frameworks */ = {
			isa = PBXFrameworksBuildPhase;
			buildActionMask = 2147483647;
			files = (
				50C1339606D606DD5FD70591 /* Pods_IMDB_demo.framework in Frameworks */,
			);
			runOnlyForDeploymentPostprocessing = 0;
		};
/* End PBXFrameworksBuildPhase section */

/* Begin PBXGroup section */
		43233DD33485D35F4243BA95 /* Pods */ = {
			isa = PBXGroup;
			children = (
				198B9264AF4F042B1F7A3C0A /* Pods-IMDB_demo.debug.xcconfig */,
				6F316C94EE0FF69DE0F41303 /* Pods-IMDB_demo.release.xcconfig */,
			);
			path = Pods;
			sourceTree = "<group>";
		};
		B5FD3F15EA9E829F56DC4ED5 /* Frameworks */ = {
			isa = PBXGroup;
			children = (
				D179329F996FD977784DB66A /* Pods_IMDB_demo.framework */,
			);
			name = Frameworks;
			sourceTree = "<group>";
		};
		C707425D29D4339B008A1FE3 /* View */ = {
			isa = PBXGroup;
			children = (
				C707425E29D433B1008A1FE3 /* ItemsListView.swift */,
				C707426029D439E8008A1FE3 /* CommonCell.swift */,
			);
			path = View;
			sourceTree = "<group>";
		};
		C707426229D43A6E008A1FE3 /* Protocol */ = {
			isa = PBXGroup;
			children = (
				C707426329D43A94008A1FE3 /* ConfigurableItem.swift */,
			);
			path = Protocol;
			sourceTree = "<group>";
		};
		C707426529D44190008A1FE3 /* ViewModel */ = {
			isa = PBXGroup;
			children = (
				C707426629D441C0008A1FE3 /* IMDBListModel.swift */,
				C707426829D442A0008A1FE3 /* IMDBListModelBuilder.swift */,
			);
			path = ViewModel;
			sourceTree = "<group>";
		};
		C707426A29D46606008A1FE3 /* Manager */ = {
			isa = PBXGroup;
			children = (
				C707426B29D4662B008A1FE3 /* IMDBService.swift */,
			);
			path = Manager;
			sourceTree = "<group>";
		};
		C7657AB029D33814007919DF = {
			isa = PBXGroup;
			children = (
				C7657ABB29D33814007919DF /* IMDB_demo */,
				C7657ABA29D33814007919DF /* Products */,
				43233DD33485D35F4243BA95 /* Pods */,
				B5FD3F15EA9E829F56DC4ED5 /* Frameworks */,
			);
			sourceTree = "<group>";
		};
		C7657ABA29D33814007919DF /* Products */ = {
			isa = PBXGroup;
			children = (
				C7657AB929D33814007919DF /* IMDB_demo.app */,
			);
			name = Products;
			sourceTree = "<group>";
		};
		C7657ABB29D33814007919DF /* IMDB_demo */ = {
			isa = PBXGroup;
			children = (
				C707426A29D46606008A1FE3 /* Manager */,
				C707426529D44190008A1FE3 /* ViewModel */,
				C707426229D43A6E008A1FE3 /* Protocol */,
				C707425D29D4339B008A1FE3 /* View */,
				C7657ABC29D33814007919DF /* AppDelegate.swift */,
				C7657ABE29D33814007919DF /* SceneDelegate.swift */,
				C7657AC029D33814007919DF /* ViewController.swift */,
				C7657AC229D33814007919DF /* Main.storyboard */,
				C7657AC529D33816007919DF /* Assets.xcassets */,
				C7657AC729D33816007919DF /* LaunchScreen.storyboard */,
				C7657ACA29D33816007919DF /* Info.plist */,
			);
			path = IMDB_demo;
			sourceTree = "<group>";
		};
/* End PBXGroup section */

/* Begin PBXNativeTarget section */
		C7657AB829D33814007919DF /* IMDB_demo */ = {
			isa = PBXNativeTarget;
			buildConfigurationList = C7657ACD29D33816007919DF /* Build configuration list for PBXNativeTarget "IMDB_demo" */;
			buildPhases = (
				A3B44486CD863E9F82CA1D6E /* [CP] Check Pods Manifest.lock */,
				C7657AB529D33814007919DF /* Sources */,
				C7657AB629D33814007919DF /* Frameworks */,
				C7657AB729D33814007919DF /* Resources */,
				397A530F1AAB4BDF167D95EA /* [CP] Embed Pods Frameworks */,
			);
			buildRules = (
			);
			dependencies = (
			);
			name = IMDB_demo;
			productName = IMDB_demo;
			productReference = C7657AB929D33814007919DF /* IMDB_demo.app */;
			productType = "com.apple.product-type.application";
		};
/* End PBXNativeTarget section */

/* Begin PBXProject section */
		C7657AB129D33814007919DF /* Project object */ = {
			isa = PBXProject;
			attributes = {
				BuildIndependentTargetsInParallel = 1;
				LastSwiftUpdateCheck = 1410;
				LastUpgradeCheck = 1410;
				TargetAttributes = {
					C7657AB829D33814007919DF = {
						CreatedOnToolsVersion = 14.1;
					};
				};
			};
			buildConfigurationList = C7657AB429D33814007919DF /* Build configuration list for PBXProject "IMDB_demo" */;
			compatibilityVersion = "Xcode 9.3";
			developmentRegion = en;
			hasScannedForEncodings = 0;
			knownRegions = (
				en,
				Base,
			);
			mainGroup = C7657AB029D33814007919DF;
			productRefGroup = C7657ABA29D33814007919DF /* Products */;
			projectDirPath = "";
			projectRoot = "";
			targets = (
				C7657AB829D33814007919DF /* IMDB_demo */,
			);
		};
/* End PBXProject section */

/* Begin PBXResourcesBuildPhase section */
		C7657AB729D33814007919DF /* Resources */ = {
			isa = PBXResourcesBuildPhase;
			buildActionMask = 2147483647;
			files = (
				C7657AC929D33816007919DF /* LaunchScreen.storyboard in Resources */,
				C7657AC629D33816007919DF /* Assets.xcassets in Resources */,
				C7657AC429D33814007919DF /* Main.storyboard in Resources */,
			);
			runOnlyForDeploymentPostprocessing = 0;
		};
/* End PBXResourcesBuildPhase section */

/* Begin PBXShellScriptBuildPhase section */
		397A530F1AAB4BDF167D95EA /* [CP] Embed Pods Frameworks */ = {
			isa = PBXShellScriptBuildPhase;
			buildActionMask = 2147483647;
			files = (
			);
			inputFileListPaths = (
				"${PODS_ROOT}/Target Support Files/Pods-IMDB_demo/Pods-IMDB_demo-frameworks-${CONFIGURATION}-input-files.xcfilelist",
			);
			name = "[CP] Embed Pods Frameworks";
			outputFileListPaths = (
				"${PODS_ROOT}/Target Support Files/Pods-IMDB_demo/Pods-IMDB_demo-frameworks-${CONFIGURATION}-output-files.xcfilelist",
			);
			runOnlyForDeploymentPostprocessing = 0;
			shellPath = /bin/sh;
			shellScript = "\"${PODS_ROOT}/Target Support Files/Pods-IMDB_demo/Pods-IMDB_demo-frameworks.sh\"\n";
			showEnvVarsInLog = 0;
		};
		A3B44486CD863E9F82CA1D6E /* [CP] Check Pods Manifest.lock */ = {
			isa = PBXShellScriptBuildPhase;
			buildActionMask = 2147483647;
			files = (
			);
			inputFileListPaths = (
			);
			inputPaths = (
				"${PODS_PODFILE_DIR_PATH}/Podfile.lock",
				"${PODS_ROOT}/Manifest.lock",
			);
			name = "[CP] Check Pods Manifest.lock";
			outputFileListPaths = (
			);
			outputPaths = (
				"$(DERIVED_FILE_DIR)/Pods-IMDB_demo-checkManifestLockResult.txt",
			);
			runOnlyForDeploymentPostprocessing = 0;
			shellPath = /bin/sh;
			shellScript = "diff \"${PODS_PODFILE_DIR_PATH}/Podfile.lock\" \"${PODS_ROOT}/Manifest.lock\" > /dev/null\nif [ $? != 0 ] ; then\n    # print error to STDERR\n    echo \"error: The sandbox is not in sync with the Podfile.lock. Run 'pod install' or update your CocoaPods installation.\" >&2\n    exit 1\nfi\n# This output is used by Xcode 'outputs' to avoid re-running this script phase.\necho \"SUCCESS\" > \"${SCRIPT_OUTPUT_FILE_0}\"\n";
			showEnvVarsInLog = 0;
		};
/* End PBXShellScriptBuildPhase section */

/* Begin PBXSourcesBuildPhase section */
		C7657AB529D33814007919DF /* Sources */ = {
			isa = PBXSourcesBuildPhase;
			buildActionMask = 2147483647;
			files = (
				C7657AC129D33814007919DF /* ViewController.swift in Sources */,
				C707426429D43A94008A1FE3 /* ConfigurableItem.swift in Sources */,
				C707426C29D4662B008A1FE3 /* IMDBService.swift in Sources */,
				C7657ABD29D33814007919DF /* AppDelegate.swift in Sources */,
				C7657ABF29D33814007919DF /* SceneDelegate.swift in Sources */,
				C707426129D439E8008A1FE3 /* CommonCell.swift in Sources */,
				C707426929D442A0008A1FE3 /* IMDBListModelBuilder.swift in Sources */,
				C707426729D441C0008A1FE3 /* IMDBListModel.swift in Sources */,
				C707425F29D433B1008A1FE3 /* ItemsListView.swift in Sources */,
			);
			runOnlyForDeploymentPostprocessing = 0;
		};
/* End PBXSourcesBuildPhase section */

/* Begin PBXVariantGroup section */
		C7657AC229D33814007919DF /* Main.storyboard */ = {
			isa = PBXVariantGroup;
			children = (
				C7657AC329D33814007919DF /* Base */,
			);
			name = Main.storyboard;
			sourceTree = "<group>";
		};
		C7657AC729D33816007919DF /* LaunchScreen.storyboard */ = {
			isa = PBXVariantGroup;
			children = (
				C7657AC829D33816007919DF /* Base */,
			);
			name = LaunchScreen.storyboard;
			sourceTree = "<group>";
		};
/* End PBXVariantGroup section */

/* Begin XCBuildConfiguration section */
		C7657ACB29D33816007919DF /* Debug */ = {
			isa = XCBuildConfiguration;
			buildSettings = {
				ALWAYS_SEARCH_USER_PATHS = NO;
				CLANG_ANALYZER_NONNULL = YES;
				CLANG_ANALYZER_NUMBER_OBJECT_CONVERSION = YES_AGGRESSIVE;
				CLANG_CXX_LANGUAGE_STANDARD = "gnu++20";
				CLANG_ENABLE_MODULES = YES;
				CLANG_ENABLE_OBJC_ARC = YES;
				CLANG_ENABLE_OBJC_WEAK = YES;
				CLANG_WARN_BLOCK_CAPTURE_AUTORELEASING = YES;
				CLANG_WARN_BOOL_CONVERSION = YES;
				CLANG_WARN_COMMA = YES;
				CLANG_WARN_CONSTANT_CONVERSION = YES;
				CLANG_WARN_DEPRECATED_OBJC_IMPLEMENTATIONS = YES;
				CLANG_WARN_DIRECT_OBJC_ISA_USAGE = YES_ERROR;
				CLANG_WARN_DOCUMENTATION_COMMENTS = YES;
				CLANG_WARN_EMPTY_BODY = YES;
				CLANG_WARN_ENUM_CONVERSION = YES;
				CLANG_WARN_INFINITE_RECURSION = YES;
				CLANG_WARN_INT_CONVERSION = YES;
				CLANG_WARN_NON_LITERAL_NULL_CONVERSION = YES;
				CLANG_WARN_OBJC_IMPLICIT_RETAIN_SELF = YES;
				CLANG_WARN_OBJC_LITERAL_CONVERSION = YES;
				CLANG_WARN_OBJC_ROOT_CLASS = YES_ERROR;
				CLANG_WARN_QUOTED_INCLUDE_IN_FRAMEWORK_HEADER = YES;
				CLANG_WARN_RANGE_LOOP_ANALYSIS = YES;
				CLANG_WARN_STRICT_PROTOTYPES = YES;
				CLANG_WARN_SUSPICIOUS_MOVE = YES;
				CLANG_WARN_UNGUARDED_AVAILABILITY = YES_AGGRESSIVE;
				CLANG_WARN_UNREACHABLE_CODE = YES;
				CLANG_WARN__DUPLICATE_METHOD_MATCH = YES;
				COPY_PHASE_STRIP = NO;
				DEBUG_INFORMATION_FORMAT = dwarf;
				ENABLE_STRICT_OBJC_MSGSEND = YES;
				ENABLE_TESTABILITY = YES;
				GCC_C_LANGUAGE_STANDARD = gnu11;
				GCC_DYNAMIC_NO_PIC = NO;
				GCC_NO_COMMON_BLOCKS = YES;
				GCC_OPTIMIZATION_LEVEL = 0;
				GCC_PREPROCESSOR_DEFINITIONS = (
					"DEBUG=1",
					"$(inherited)",
				);
				GCC_WARN_64_TO_32_BIT_CONVERSION = YES;
				GCC_WARN_ABOUT_RETURN_TYPE = YES_ERROR;
				GCC_WARN_UNDECLARED_SELECTOR = YES;
				GCC_WARN_UNINITIALIZED_AUTOS = YES_AGGRESSIVE;
				GCC_WARN_UNUSED_FUNCTION = YES;
				GCC_WARN_UNUSED_VARIABLE = YES;
				IPHONEOS_DEPLOYMENT_TARGET = 16.1;
				MTL_ENABLE_DEBUG_INFO = INCLUDE_SOURCE;
				MTL_FAST_MATH = YES;
				ONLY_ACTIVE_ARCH = YES;
				SDKROOT = iphoneos;
				SWIFT_ACTIVE_COMPILATION_CONDITIONS = DEBUG;
				SWIFT_OPTIMIZATION_LEVEL = "-Onone";
			};
			name = Debug;
		};
		C7657ACC29D33816007919DF /* Release */ = {
			isa = XCBuildConfiguration;
			buildSettings = {
				ALWAYS_SEARCH_USER_PATHS = NO;
				CLANG_ANALYZER_NONNULL = YES;
				CLANG_ANALYZER_NUMBER_OBJECT_CONVERSION = YES_AGGRESSIVE;
				CLANG_CXX_LANGUAGE_STANDARD = "gnu++20";
				CLANG_ENABLE_MODULES = YES;
				CLANG_ENABLE_OBJC_ARC = YES;
				CLANG_ENABLE_OBJC_WEAK = YES;
				CLANG_WARN_BLOCK_CAPTURE_AUTORELEASING = YES;
				CLANG_WARN_BOOL_CONVERSION = YES;
				CLANG_WARN_COMMA = YES;
				CLANG_WARN_CONSTANT_CONVERSION = YES;
				CLANG_WARN_DEPRECATED_OBJC_IMPLEMENTATIONS = YES;
				CLANG_WARN_DIRECT_OBJC_ISA_USAGE = YES_ERROR;
				CLANG_WARN_DOCUMENTATION_COMMENTS = YES;
				CLANG_WARN_EMPTY_BODY = YES;
				CLANG_WARN_ENUM_CONVERSION = YES;
				CLANG_WARN_INFINITE_RECURSION = YES;
				CLANG_WARN_INT_CONVERSION = YES;
				CLANG_WARN_NON_LITERAL_NULL_CONVERSION = YES;
				CLANG_WARN_OBJC_IMPLICIT_RETAIN_SELF = YES;
				CLANG_WARN_OBJC_LITERAL_CONVERSION = YES;
				CLANG_WARN_OBJC_ROOT_CLASS = YES_ERROR;
				CLANG_WARN_QUOTED_INCLUDE_IN_FRAMEWORK_HEADER = YES;
				CLANG_WARN_RANGE_LOOP_ANALYSIS = YES;
				CLANG_WARN_STRICT_PROTOTYPES = YES;
				CLANG_WARN_SUSPICIOUS_MOVE = YES;
				CLANG_WARN_UNGUARDED_AVAILABILITY = YES_AGGRESSIVE;
				CLANG_WARN_UNREACHABLE_CODE = YES;
				CLANG_WARN__DUPLICATE_METHOD_MATCH = YES;
				COPY_PHASE_STRIP = NO;
				DEBUG_INFORMATION_FORMAT = "dwarf-with-dsym";
				ENABLE_NS_ASSERTIONS = NO;
				ENABLE_STRICT_OBJC_MSGSEND = YES;
				GCC_C_LANGUAGE_STANDARD = gnu11;
				GCC_NO_COMMON_BLOCKS = YES;
				GCC_WARN_64_TO_32_BIT_CONVERSION = YES;
				GCC_WARN_ABOUT_RETURN_TYPE = YES_ERROR;
				GCC_WARN_UNDECLARED_SELECTOR = YES;
				GCC_WARN_UNINITIALIZED_AUTOS = YES_AGGRESSIVE;
				GCC_WARN_UNUSED_FUNCTION = YES;
				GCC_WARN_UNUSED_VARIABLE = YES;
				IPHONEOS_DEPLOYMENT_TARGET = 16.1;
				MTL_ENABLE_DEBUG_INFO = NO;
				MTL_FAST_MATH = YES;
				SDKROOT = iphoneos;
				SWIFT_COMPILATION_MODE = wholemodule;
				SWIFT_OPTIMIZATION_LEVEL = "-O";
				VALIDATE_PRODUCT = YES;
			};
			name = Release;
		};
		C7657ACE29D33816007919DF /* Debug */ = {
			isa = XCBuildConfiguration;
			baseConfigurationReference = 198B9264AF4F042B1F7A3C0A /* Pods-IMDB_demo.debug.xcconfig */;
			buildSettings = {
				ASSETCATALOG_COMPILER_APPICON_NAME = AppIcon;
				ASSETCATALOG_COMPILER_GLOBAL_ACCENT_COLOR_NAME = AccentColor;
				CODE_SIGN_STYLE = Automatic;
				CURRENT_PROJECT_VERSION = 1;
				DEVELOPMENT_TEAM = 4B63WJ6EZW;
				GENERATE_INFOPLIST_FILE = YES;
				INFOPLIST_FILE = IMDB_demo/Info.plist;
				INFOPLIST_KEY_UIApplicationSupportsIndirectInputEvents = YES;
				INFOPLIST_KEY_UILaunchStoryboardName = LaunchScreen;
				INFOPLIST_KEY_UIMainStoryboardFile = Main;
				INFOPLIST_KEY_UISupportedInterfaceOrientations_iPad = "UIInterfaceOrientationPortrait UIInterfaceOrientationPortraitUpsideDown UIInterfaceOrientationLandscapeLeft UIInterfaceOrientationLandscapeRight";
				INFOPLIST_KEY_UISupportedInterfaceOrientations_iPhone = "UIInterfaceOrientationPortrait UIInterfaceOrientationLandscapeLeft UIInterfaceOrientationLandscapeRight";
				LD_RUNPATH_SEARCH_PATHS = (
					"$(inherited)",
					"@executable_path/Frameworks",
				);
				MARKETING_VERSION = 1.0;
				PRODUCT_BUNDLE_IDENTIFIER = "demo.IMDB-demo";
				PRODUCT_NAME = "$(TARGET_NAME)";
				SWIFT_EMIT_LOC_STRINGS = YES;
				SWIFT_VERSION = 5.0;
				TARGETED_DEVICE_FAMILY = "1,2";
			};
			name = Debug;
		};
		C7657ACF29D33816007919DF /* Release */ = {
			isa = XCBuildConfiguration;
			baseConfigurationReference = 6F316C94EE0FF69DE0F41303 /* Pods-IMDB_demo.release.xcconfig */;
			buildSettings = {
				ASSETCATALOG_COMPILER_APPICON_NAME = AppIcon;
				ASSETCATALOG_COMPILER_GLOBAL_ACCENT_COLOR_NAME = AccentColor;
				CODE_SIGN_STYLE = Automatic;
				CURRENT_PROJECT_VERSION = 1;
				DEVELOPMENT_TEAM = 4B63WJ6EZW;
				GENERATE_INFOPLIST_FILE = YES;
				INFOPLIST_FILE = IMDB_demo/Info.plist;
				INFOPLIST_KEY_UIApplicationSupportsIndirectInputEvents = YES;
				INFOPLIST_KEY_UILaunchStoryboardName = LaunchScreen;
				INFOPLIST_KEY_UIMainStoryboardFile = Main;
				INFOPLIST_KEY_UISupportedInterfaceOrientations_iPad = "UIInterfaceOrientationPortrait UIInterfaceOrientationPortraitUpsideDown UIInterfaceOrientationLandscapeLeft UIInterfaceOrientationLandscapeRight";
				INFOPLIST_KEY_UISupportedInterfaceOrientations_iPhone = "UIInterfaceOrientationPortrait UIInterfaceOrientationLandscapeLeft UIInterfaceOrientationLandscapeRight";
				LD_RUNPATH_SEARCH_PATHS = (
					"$(inherited)",
					"@executable_path/Frameworks",
				);
				MARKETING_VERSION = 1.0;
				PRODUCT_BUNDLE_IDENTIFIER = "demo.IMDB-demo";
				PRODUCT_NAME = "$(TARGET_NAME)";
				SWIFT_EMIT_LOC_STRINGS = YES;
				SWIFT_VERSION = 5.0;
				TARGETED_DEVICE_FAMILY = "1,2";
			};
			name = Release;
		};
/* End XCBuildConfiguration section */

/* Begin XCConfigurationList section */
		C7657AB429D33814007919DF /* Build configuration list for PBXProject "IMDB_demo" */ = {
			isa = XCConfigurationList;
			buildConfigurations = (
				C7657ACB29D33816007919DF /* Debug */,
				C7657ACC29D33816007919DF /* Release */,
			);
			defaultConfigurationIsVisible = 0;
			defaultConfigurationName = Release;
		};
		C7657ACD29D33816007919DF /* Build configuration list for PBXNativeTarget "IMDB_demo" */ = {
			isa = XCConfigurationList;
			buildConfigurations = (
				C7657ACE29D33816007919DF /* Debug */,
				C7657ACF29D33816007919DF /* Release */,
			);
			defaultConfigurationIsVisible = 0;
			defaultConfigurationName = Release;
		};
/* End XCConfigurationList section */
	};
	rootObject = C7657AB129D33814007919DF /* Project object */;
}
